
Microsoft Visual Studio Solution File, Format Version 12.00
# Visual Studio 2013
VisualStudioVersion = 12.0.31101.0
MinimumVisualStudioVersion = 10.0.40219.1
Project("{FAE04EC0-301F-11D3-BF4B-00C04F79EFBC}") = "Salvac", "Salvac\Salvac.csproj", "{D9FC0A7A-3D76-4E7F-A93F-88EB0C244268}"
EndProject
Project("{2150E333-8FDC-42A3-9474-1A3956D46DE8}") = "Tools", "Tools", "{9802B5B4-AC03-45B9-A2E8-A46ADB868239}"
EndProject
Project("{FAE04EC0-301F-11D3-BF4B-00C04F79EFBC}") = "SectorTool", "SectorTool\SectorTool.csproj", "{61902E3B-8F4D-4C4F-80EE-E6772445D7AE}"
EndProject
Project("{FAE04EC0-301F-11D3-BF4B-00C04F79EFBC}") = "Salvac.Data", "Salvac.Data\Salvac.Data.csproj", "{57940CB1-4910-46A6-9418-21F5CBC40AD1}"
EndProject
Global
	GlobalSection(SolutionConfigurationPlatforms) = preSolution
		Debug|x64 = Debug|x64
		Debug|x86 = Debug|x86
		Release|x64 = Release|x64
		Release|x86 = Release|x86
	EndGlobalSection
	GlobalSection(ProjectConfigurationPlatforms) = postSolution
		{D9FC0A7A-3D76-4E7F-A93F-88EB0C244268}.Debug|x64.ActiveCfg = Debug|x64
		{D9FC0A7A-3D76-4E7F-A93F-88EB0C244268}.Debug|x64.Build.0 = Debug|x64
		{D9FC0A7A-3D76-4E7F-A93F-88EB0C244268}.Debug|x86.ActiveCfg = Debug|x86
		{D9FC0A7A-3D76-4E7F-A93F-88EB0C244268}.Debug|x86.Build.0 = Debug|x86
		{D9FC0A7A-3D76-4E7F-A93F-88EB0C244268}.Release|x64.ActiveCfg = Release|x64
		{D9FC0A7A-3D76-4E7F-A93F-88EB0C244268}.Release|x64.Build.0 = Release|x64
		{D9FC0A7A-3D76-4E7F-A93F-88EB0C244268}.Release|x86.ActiveCfg = Release|x86
		{D9FC0A7A-3D76-4E7F-A93F-88EB0C244268}.Release|x86.Build.0 = Release|x86
		{61902E3B-8F4D-4C4F-80EE-E6772445D7AE}.Debug|x64.ActiveCfg = Debug|Any CPU
		{61902E3B-8F4D-4C4F-80EE-E6772445D7AE}.Debug|x64.Build.0 = Debug|Any CPU
		{61902E3B-8F4D-4C4F-80EE-E6772445D7AE}.Debug|x86.ActiveCfg = Debug|Any CPU
		{61902E3B-8F4D-4C4F-80EE-E6772445D7AE}.Debug|x86.Build.0 = Debug|Any CPU
		{61902E3B-8F4D-4C4F-80EE-E6772445D7AE}.Release|x64.ActiveCfg = Release|Any CPU
		{61902E3B-8F4D-4C4F-80EE-E6772445D7AE}.Release|x64.Build.0 = Release|Any CPU
		{61902E3B-8F4D-4C4F-80EE-E6772445D7AE}.Release|x86.ActiveCfg = Release|Any CPU
		{61902E3B-8F4D-4C4F-80EE-E6772445D7AE}.Release|x86.Build.0 = Release|Any CPU
		{57940CB1-4910-46A6-9418-21F5CBC40AD1}.Debug|x64.ActiveCfg = Debug|x64
		{57940CB1-4910-46A6-9418-21F5CBC40AD1}.Debug|x64.Build.0 = Debug|x64
		{57940CB1-4910-46A6-9418-21F5CBC40AD1}.Debug|x86.ActiveCfg = Debug|x86
		{57940CB1-4910-46A6-9418-21F5CBC40AD1}.Debug|x86.Build.0 = Debug|x86
		{57940CB1-4910-46A6-9418-21F5CBC40AD1}.Release|x64.ActiveCfg = Release|x64
		{57940CB1-4910-46A6-9418-21F5CBC40AD1}.Release|x64.Build.0 = Release|x64
		{57940CB1-4910-46A6-9418-21F5CBC40AD1}.Release|x86.ActiveCfg = Release|x86
		{57940CB1-4910-46A6-9418-21F5CBC40AD1}.Release|x86.Build.0 = Release|x86
	EndGlobalSection
	GlobalSection(SolutionProperties) = preSolution
		HideSolutionNode = FALSE
	EndGlobalSection
	GlobalSection(NestedProjects) = preSolution
		{61902E3B-8F4D-4C4F-80EE-E6772445D7AE} = {9802B5B4-AC03-45B9-A2E8-A46ADB868239}
	EndGlobalSection
EndGlobal
